
Microsoft Visual Studio Solution File, Format Version 12.00
# Visual Studio 15
VisualStudioVersion = 15.0.28010.2050
MinimumVisualStudioVersion = 10.0.40219.1
Project("{FAE04EC0-301F-11D3-BF4B-00C04F79EFBC}") = "Gra", "Gra\Gra.csproj", "{AA3C2779-0675-409A-BEC9-DE008B14F23C}"
EndProject
Global
	GlobalSection(SolutionConfigurationPlatforms) = preSolution
		Debug|Any CPU = Debug|Any CPU
		Release|Any CPU = Release|Any CPU
	EndGlobalSection
	GlobalSection(ProjectConfigurationPlatforms) = postSolution
		{AA3C2779-0675-409A-BEC9-DE008B14F23C}.Debug|Any CPU.ActiveCfg = Debug|Any CPU
		{AA3C2779-0675-409A-BEC9-DE008B14F23C}.Debug|Any CPU.Build.0 = Debug|Any CPU
		{AA3C2779-0675-409A-BEC9-DE008B14F23C}.Release|Any CPU.ActiveCfg = Release|Any CPU
		{AA3C2779-0675-409A-BEC9-DE008B14F23C}.Release|Any CPU.Build.0 = Release|Any CPU
	EndGlobalSection
	GlobalSection(SolutionProperties) = preSolution
		HideSolutionNode = FALSE
	EndGlobalSection
	GlobalSection(ExtensibilityGlobals) = postSolution
		SolutionGuid = {4A2284D4-5CCA-433B-B00F-73B8C1A6EA2C}
	EndGlobalSection
EndGlobal
